
Microsoft Visual Studio Solution File, Format Version 12.00
# Visual Studio Version 16
VisualStudioVersion = 16.0.29009.5
MinimumVisualStudioVersion = 10.0.40219.1
Project("{8BC9CEB8-8B4A-11D0-8D11-00A0C91BC942}") = "AzureSphereBlink", "AzureSphereBlink\AzureSphereBlink.vcxproj", "{9FA4A09E-086B-40AF-B6BD-AD571A6F1EBC}"
EndProject
Global
	GlobalSection(SolutionConfigurationPlatforms) = preSolution
		Debug|ARM = Debug|ARM
		Release|ARM = Release|ARM
	EndGlobalSection
	GlobalSection(ProjectConfigurationPlatforms) = postSolution
		{9FA4A09E-086B-40AF-B6BD-AD571A6F1EBC}.Debug|ARM.ActiveCfg = Debug|ARM
		{9FA4A09E-086B-40AF-B6BD-AD571A6F1EBC}.Debug|ARM.Build.0 = Debug|ARM
		{9FA4A09E-086B-40AF-B6BD-AD571A6F1EBC}.Release|ARM.ActiveCfg = Release|ARM
		{9FA4A09E-086B-40AF-B6BD-AD571A6F1EBC}.Release|ARM.Build.0 = Release|ARM
	EndGlobalSection
	GlobalSection(SolutionProperties) = preSolution
		HideSolutionNode = FALSE
	EndGlobalSection
	GlobalSection(ExtensibilityGlobals) = postSolution
		SolutionGuid = {E2E23A8E-1AAB-4C8A-B467-6B4F33896A3C}
	EndGlobalSection
EndGlobal
